
Microsoft Visual Studio Solution File, Format Version 12.00
# Visual Studio Version 17
VisualStudioVersion = 17.6.33801.468
MinimumVisualStudioVersion = 10.0.40219.1
Project("{9A19103F-16F7-4668-BE54-9A1E7A4F7556}") = "P016_WebApiKullan", "P016_WebApiKullan.csproj", "{2B3619AB-75ED-4C7C-95B0-706A30378116}"
EndProject
Project("{FAE04EC0-301F-11D3-BF4B-00C04F79EFBC}") = "Bussines", "..\Bussines\Bussines.csproj", "{7149157C-3A13-4DBB-B087-9DFB764D82F7}"
EndProject
Project("{FAE04EC0-301F-11D3-BF4B-00C04F79EFBC}") = "Core", "..\Core\Core.csproj", "{2B85CFFD-2AC3-42E9-B6FA-F8CA6C1F2A50}"
EndProject
Global
	GlobalSection(SolutionConfigurationPlatforms) = preSolution
		Debug|Any CPU = Debug|Any CPU
		Release|Any CPU = Release|Any CPU
	EndGlobalSection
	GlobalSection(ProjectConfigurationPlatforms) = postSolution
		{2B3619AB-75ED-4C7C-95B0-706A30378116}.Debug|Any CPU.ActiveCfg = Debug|Any CPU
		{2B3619AB-75ED-4C7C-95B0-706A30378116}.Debug|Any CPU.Build.0 = Debug|Any CPU
		{2B3619AB-75ED-4C7C-95B0-706A30378116}.Release|Any CPU.ActiveCfg = Release|Any CPU
		{2B3619AB-75ED-4C7C-95B0-706A30378116}.Release|Any CPU.Build.0 = Release|Any CPU
		{7149157C-3A13-4DBB-B087-9DFB764D82F7}.Debug|Any CPU.ActiveCfg = Debug|Any CPU
		{7149157C-3A13-4DBB-B087-9DFB764D82F7}.Debug|Any CPU.Build.0 = Debug|Any CPU
		{7149157C-3A13-4DBB-B087-9DFB764D82F7}.Release|Any CPU.ActiveCfg = Release|Any CPU
		{7149157C-3A13-4DBB-B087-9DFB764D82F7}.Release|Any CPU.Build.0 = Release|Any CPU
		{2B85CFFD-2AC3-42E9-B6FA-F8CA6C1F2A50}.Debug|Any CPU.ActiveCfg = Debug|Any CPU
		{2B85CFFD-2AC3-42E9-B6FA-F8CA6C1F2A50}.Debug|Any CPU.Build.0 = Debug|Any CPU
		{2B85CFFD-2AC3-42E9-B6FA-F8CA6C1F2A50}.Release|Any CPU.ActiveCfg = Release|Any CPU
		{2B85CFFD-2AC3-42E9-B6FA-F8CA6C1F2A50}.Release|Any CPU.Build.0 = Release|Any CPU
	EndGlobalSection
	GlobalSection(SolutionProperties) = preSolution
		HideSolutionNode = FALSE
	EndGlobalSection
	GlobalSection(ExtensibilityGlobals) = postSolution
		SolutionGuid = {C81E8252-303D-458C-ADCB-E2D8EBFC7934}
	EndGlobalSection
EndGlobal
